
Microsoft Visual Studio Solution File, Format Version 12.00
# Visual Studio Version 17
VisualStudioVersion = 17.6.33801.468
MinimumVisualStudioVersion = 10.0.40219.1
Project("{9A19103F-16F7-4668-BE54-9A1E7A4F7556}") = "IsoTreatmentProcessSupportAPI", "IsoTreatmentProcessSupportAPI\IsoTreatmentProcessSupportAPI.csproj", "{BDF6551B-322B-456C-8ADF-2B8193E52765}"
EndProject
Global
	GlobalSection(SolutionConfigurationPlatforms) = preSolution
		Debug|Any CPU = Debug|Any CPU
		Release|Any CPU = Release|Any CPU
	EndGlobalSection
	GlobalSection(ProjectConfigurationPlatforms) = postSolution
		{BDF6551B-322B-456C-8ADF-2B8193E52765}.Debug|Any CPU.ActiveCfg = Debug|Any CPU
		{BDF6551B-322B-456C-8ADF-2B8193E52765}.Debug|Any CPU.Build.0 = Debug|Any CPU
		{BDF6551B-322B-456C-8ADF-2B8193E52765}.Release|Any CPU.ActiveCfg = Release|Any CPU
		{BDF6551B-322B-456C-8ADF-2B8193E52765}.Release|Any CPU.Build.0 = Release|Any CPU
	EndGlobalSection
	GlobalSection(SolutionProperties) = preSolution
		HideSolutionNode = FALSE
	EndGlobalSection
	GlobalSection(ExtensibilityGlobals) = postSolution
		SolutionGuid = {72ED91B2-5D04-48FF-9A0E-8610A11CA1C6}
	EndGlobalSection
EndGlobal
